
Microsoft Visual Studio Solution File, Format Version 12.00
# Visual Studio 15
VisualStudioVersion = 15.0.28010.2036
MinimumVisualStudioVersion = 10.0.40219.1
Project("{FAE04EC0-301F-11D3-BF4B-00C04F79EFBC}") = "LibrarySystem", "LibrarySystem\LibrarySystem.csproj", "{53C9B093-C0DE-4618-BDEB-69E0AE9FEEB7}"
EndProject
Project("{FAE04EC0-301F-11D3-BF4B-00C04F79EFBC}") = "LibrarySystemTests", "LibrarySystemTests\LibrarySystemTests.csproj", "{2EE6F0DB-CD20-4202-B22D-2F1FB74EE5C6}"
EndProject
Project("{FAE04EC0-301F-11D3-BF4B-00C04F79EFBC}") = "LibrarySystemConsole", "LibrarySystemConsole\LibrarySystemConsole.csproj", "{7A353F5E-A728-4DF0-B240-6341B94B93C7}"
EndProject
Global
	GlobalSection(SolutionConfigurationPlatforms) = preSolution
		Debug|Any CPU = Debug|Any CPU
		Release|Any CPU = Release|Any CPU
	EndGlobalSection
	GlobalSection(ProjectConfigurationPlatforms) = postSolution
		{53C9B093-C0DE-4618-BDEB-69E0AE9FEEB7}.Debug|Any CPU.ActiveCfg = Debug|Any CPU
		{53C9B093-C0DE-4618-BDEB-69E0AE9FEEB7}.Debug|Any CPU.Build.0 = Debug|Any CPU
		{53C9B093-C0DE-4618-BDEB-69E0AE9FEEB7}.Release|Any CPU.ActiveCfg = Release|Any CPU
		{53C9B093-C0DE-4618-BDEB-69E0AE9FEEB7}.Release|Any CPU.Build.0 = Release|Any CPU
		{2EE6F0DB-CD20-4202-B22D-2F1FB74EE5C6}.Debug|Any CPU.ActiveCfg = Debug|Any CPU
		{2EE6F0DB-CD20-4202-B22D-2F1FB74EE5C6}.Debug|Any CPU.Build.0 = Debug|Any CPU
		{2EE6F0DB-CD20-4202-B22D-2F1FB74EE5C6}.Release|Any CPU.ActiveCfg = Release|Any CPU
		{2EE6F0DB-CD20-4202-B22D-2F1FB74EE5C6}.Release|Any CPU.Build.0 = Release|Any CPU
		{7A353F5E-A728-4DF0-B240-6341B94B93C7}.Debug|Any CPU.ActiveCfg = Debug|Any CPU
		{7A353F5E-A728-4DF0-B240-6341B94B93C7}.Debug|Any CPU.Build.0 = Debug|Any CPU
		{7A353F5E-A728-4DF0-B240-6341B94B93C7}.Release|Any CPU.ActiveCfg = Release|Any CPU
		{7A353F5E-A728-4DF0-B240-6341B94B93C7}.Release|Any CPU.Build.0 = Release|Any CPU
	EndGlobalSection
	GlobalSection(SolutionProperties) = preSolution
		HideSolutionNode = FALSE
	EndGlobalSection
	GlobalSection(ExtensibilityGlobals) = postSolution
		SolutionGuid = {E10920E5-5BB4-4EDD-A5BD-F7C5038CA15F}
	EndGlobalSection
EndGlobal
